// !$*UTF8*$!
{
	archiveVersion = 1;
	classes = {
	};
	objectVersion = 56;
	objects = {

/* Begin PBXBuildFile section */
		AE60E32BFA131C3AE9BBB120 /* Opcionales.swift in Sources */ = {isa = PBXBuildFile; fileRef = AE60E9557A19EC8AEA91958A /* Opcionales.swift */; };
		BE05A4C52C1D038E00131216 /* diccionarios.swift in Sources */ = {isa = PBXBuildFile; fileRef = BE05A4C42C1D038E00131216 /* diccionarios.swift */; };
		BE05A4C72C1D304700131216 /* usando_stride_for.swift in Sources */ = {isa = PBXBuildFile; fileRef = BE05A4C62C1D304700131216 /* usando_stride_for.swift */; };
		BE1DA5B42C029D64003E0618 /* area_conduccion_mas_segura.swift in Sources */ = {isa = PBXBuildFile; fileRef = BE1DA5B32C029D64003E0618 /* area_conduccion_mas_segura.swift */; };
		BE1DA5B62C02A6B2003E0618 /* distancia_caida.swift in Sources */ = {isa = PBXBuildFile; fileRef = BE1DA5B52C02A6B2003E0618 /* distancia_caida.swift */; };
		BE1DA5B82C02AC39003E0618 /* cadenas_indices_subcadenas.swift in Sources */ = {isa = PBXBuildFile; fileRef = BE1DA5B72C02AC39003E0618 /* cadenas_indices_subcadenas.swift */; };
		BE1DA5BA2C02ADA5003E0618 /* calculadora_calorias.swift in Sources */ = {isa = PBXBuildFile; fileRef = BE1DA5B92C02ADA5003E0618 /* calculadora_calorias.swift */; };
		BE20E3732BC9673B00449B90 /* do_while_producto_pares.swift in Sources */ = {isa = PBXBuildFile; fileRef = BE20E3722BC9673B00449B90 /* do_while_producto_pares.swift */; };
		BE2776F72B91652400C704C8 /* division_entre_cero.swift in Sources */ = {isa = PBXBuildFile; fileRef = BE2776F62B91652400C704C8 /* division_entre_cero.swift */; };
		BE2776F92B9167DE00C704C8 /* taquilla_cine.swift in Sources */ = {isa = PBXBuildFile; fileRef = BE2776F82B9167DE00C704C8 /* taquilla_cine.swift */; };
		BE378E2D2B956EF600EF170C /* bonificacion.swift in Sources */ = {isa = PBXBuildFile; fileRef = BE378E2C2B956EF600EF170C /* bonificacion.swift */; };
		BE378E2F2B9570E300EF170C /* condicion_imprimir.swift in Sources */ = {isa = PBXBuildFile; fileRef = BE378E2E2B9570E300EF170C /* condicion_imprimir.swift */; };
		BE378E312B9571AF00EF170C /* mensaje_felicitacion.swift in Sources */ = {isa = PBXBuildFile; fileRef = BE378E302B9571AF00EF170C /* mensaje_felicitacion.swift */; };
		BE378E332B95753200EF170C /* ManipulacionStrings.swift in Sources */ = {isa = PBXBuildFile; fileRef = BE378E322B95753200EF170C /* ManipulacionStrings.swift */; };
		BE3795942C69A32F003A4355 /* parametros_multiples.swift in Sources */ = {isa = PBXBuildFile; fileRef = BE3795932C69A32F003A4355 /* parametros_multiples.swift */; };
		BE3795962C69A490003A4355 /* multiples_valores_retorno.swift in Sources */ = {isa = PBXBuildFile; fileRef = BE3795952C69A490003A4355 /* multiples_valores_retorno.swift */; };
		BE4D841E2B7F9B6C00B6504F /* HolaMundo.swift in Sources */ = {isa = PBXBuildFile; fileRef = BE4D841D2B7F9B6C00B6504F /* HolaMundo.swift */; };
		BE4D84202B7F9BEF00B6504F /* PedirEdad.swift in Sources */ = {isa = PBXBuildFile; fileRef = BE4D841F2B7F9BEF00B6504F /* PedirEdad.swift */; };
		BE4D84222B7FA45A00B6504F /* TextoMultilinea.swift in Sources */ = {isa = PBXBuildFile; fileRef = BE4D84212B7FA45A00B6504F /* TextoMultilinea.swift */; };
		BE4D84242B7FA6C900B6504F /* TiposVariables.swift in Sources */ = {isa = PBXBuildFile; fileRef = BE4D84232B7FA6C900B6504F /* TiposVariables.swift */; };
		BE4D84272B7FAE6A00B6504F /* BasicoCadenas.swift in Sources */ = {isa = PBXBuildFile; fileRef = BE4D84262B7FAE6A00B6504F /* BasicoCadenas.swift */; };
		BE5051CE2BD6A9E60051F56A /* PrecipitacionMedia.swift in Sources */ = {isa = PBXBuildFile; fileRef = BE5051CD2BD6A9E60051F56A /* PrecipitacionMedia.swift */; };
		BE661F5E2C15B3D500F3724C /* lista_compras.swift in Sources */ = {isa = PBXBuildFile; fileRef = BE661F5D2C15B3D500F3724C /* lista_compras.swift */; };
		BE72D0612B7F0205005A01DF /* Suma2Numeros.swift in Sources */ = {isa = PBXBuildFile; fileRef = BE72D0602B7F0205005A01DF /* Suma2Numeros.swift */; };
		BE72D0632B7F03B8005A01DF /* PrediccionVentas.swift in Sources */ = {isa = PBXBuildFile; fileRef = BE72D0622B7F03B8005A01DF /* PrediccionVentas.swift */; };
		BE72D0652B7F0610005A01DF /* ImpuestoVentas.swift in Sources */ = {isa = PBXBuildFile; fileRef = BE72D0642B7F0610005A01DF /* ImpuestoVentas.swift */; };
		BE72D0672B7F095E005A01DF /* FacturaRestaurante.swift in Sources */ = {isa = PBXBuildFile; fileRef = BE72D0662B7F095E005A01DF /* FacturaRestaurante.swift */; };
		BE7D065C2C0023110014F2EE /* sucesion_aritmetica_1.swift in Sources */ = {isa = PBXBuildFile; fileRef = BE7D065B2C0023110014F2EE /* sucesion_aritmetica_1.swift */; };
		BE7D065E2C0026B70014F2EE /* sucesion_aritmetica_2.swift in Sources */ = {isa = PBXBuildFile; fileRef = BE7D065D2C0026B70014F2EE /* sucesion_aritmetica_2.swift */; };
		BE7D06602C002E3C0014F2EE /* sucesion_aritmetica_3.swift in Sources */ = {isa = PBXBuildFile; fileRef = BE7D065F2C002E3C0014F2EE /* sucesion_aritmetica_3.swift */; };
		BE7D06622C0030DB0014F2EE /* sucesion_aritmetica_4.swift in Sources */ = {isa = PBXBuildFile; fileRef = BE7D06612C0030DB0014F2EE /* sucesion_aritmetica_4.swift */; };
		BEB487252B96C46A002C5A2B /* division_entre_cero_v2.swift in Sources */ = {isa = PBXBuildFile; fileRef = BEB487242B96C46A002C5A2B /* division_entre_cero_v2.swift */; };
		BEB487272B96C624002C5A2B /* angulo_recto.swift in Sources */ = {isa = PBXBuildFile; fileRef = BEB487262B96C624002C5A2B /* angulo_recto.swift */; };
		BEB487292B96C6FE002C5A2B /* temperatura.swift in Sources */ = {isa = PBXBuildFile; fileRef = BEB487282B96C6FE002C5A2B /* temperatura.swift */; };
		BEB4872B2B96C7DC002C5A2B /* velocidad.swift in Sources */ = {isa = PBXBuildFile; fileRef = BEB4872A2B96C7DC002C5A2B /* velocidad.swift */; };
		BEB4872E2B96CAC1002C5A2B /* busqueda_secuencial_1.swift in Sources */ = {isa = PBXBuildFile; fileRef = BEB4872D2B96CAC1002C5A2B /* busqueda_secuencial_1.swift */; };
		BEC1964C2B391C00007E6192 /* Multiplicacion.swift in Sources */ = {isa = PBXBuildFile; fileRef = BEC1964B2B391C00007E6192 /* Multiplicacion.swift */; };
		BEC1964E2B391DD2007E6192 /* Sumando.swift in Sources */ = {isa = PBXBuildFile; fileRef = BEC1964D2B391DD2007E6192 /* Sumando.swift */; };
		BEC196502B39208F007E6192 /* ProcesandoClosures.swift in Sources */ = {isa = PBXBuildFile; fileRef = BEC1964F2B39208F007E6192 /* ProcesandoClosures.swift */; };
		BEC5B0E12BD3E3EC005A7837 /* OcupacionHoteleraFor.swift in Sources */ = {isa = PBXBuildFile; fileRef = BEC5B0E02BD3E3EC005A7837 /* OcupacionHoteleraFor.swift */; };
		BEC5B0E32BD3E954005A7837 /* TabuladorSalariosFor.swift in Sources */ = {isa = PBXBuildFile; fileRef = BEC5B0E22BD3E954005A7837 /* TabuladorSalariosFor.swift */; };
		BEC853D32BA5DBDE00CEDAD1 /* ContarCaracteres.swift in Sources */ = {isa = PBXBuildFile; fileRef = BEC853D22BA5DBDD00CEDAD1 /* ContarCaracteres.swift */; };
		BED25A3C2B1E8AF200133A14 /* main.swift in Sources */ = {isa = PBXBuildFile; fileRef = BED25A3B2B1E8AF200133A14 /* main.swift */; };
		BED25A442B1E8CA700133A14 /* Condiciones.swift in Sources */ = {isa = PBXBuildFile; fileRef = BED25A432B1E8CA700133A14 /* Condiciones.swift */; };
		BED3FAEB2B22927F004A0478 /* ManejoErrores.swift in Sources */ = {isa = PBXBuildFile; fileRef = BED3FAEA2B22927F004A0478 /* ManejoErrores.swift */; };
		BED3FAEE2B229C4B004A0478 /* AssertEdad.swift in Sources */ = {isa = PBXBuildFile; fileRef = BED3FAED2B229C4B004A0478 /* AssertEdad.swift */; };
		BED3FAF02B22A0D7004A0478 /* LadronDelTesoro.swift in Sources */ = {isa = PBXBuildFile; fileRef = BED3FAEF2B22A0D7004A0478 /* LadronDelTesoro.swift */; };
		BED3FAF22B22A11A004A0478 /* LaExpulsion.swift in Sources */ = {isa = PBXBuildFile; fileRef = BED3FAF12B22A11A004A0478 /* LaExpulsion.swift */; };
		BED3FAF42B22A162004A0478 /* IncorporacionDePiratas.swift in Sources */ = {isa = PBXBuildFile; fileRef = BED3FAF32B22A162004A0478 /* IncorporacionDePiratas.swift */; };
		BED3FAF62B22A194004A0478 /* LaContrasenia.swift in Sources */ = {isa = PBXBuildFile; fileRef = BED3FAF52B22A194004A0478 /* LaContrasenia.swift */; };
		BED3FAF82B22A205004A0478 /* LaClaveDeLosCofres.swift in Sources */ = {isa = PBXBuildFile; fileRef = BED3FAF72B22A205004A0478 /* LaClaveDeLosCofres.swift */; };
		BED3FAFA2B22A22F004A0478 /* RacionamientoDelRon.swift in Sources */ = {isa = PBXBuildFile; fileRef = BED3FAF92B22A22F004A0478 /* RacionamientoDelRon.swift */; };
		BED3FAFC2B22A27B004A0478 /* InteligenciaPirata.swift in Sources */ = {isa = PBXBuildFile; fileRef = BED3FAFB2B22A27B004A0478 /* InteligenciaPirata.swift */; };
		BED93B162C8417A400DBDAAD /* calcular_area_rectangulo.swift in Sources */ = {isa = PBXBuildFile; fileRef = BED93B152C8417A400DBDAAD /* calcular_area_rectangulo.swift */; };
		BED93B182C8419D400DBDAAD /* descripcion_libro.swift in Sources */ = {isa = PBXBuildFile; fileRef = BED93B172C8419D400DBDAAD /* descripcion_libro.swift */; };
		BED93B1A2C841BA900DBDAAD /* precio_final.swift in Sources */ = {isa = PBXBuildFile; fileRef = BED93B192C841BA900DBDAAD /* precio_final.swift */; };
		BED93B1C2C841EDB00DBDAAD /* sumar_conjunto_numeros.swift in Sources */ = {isa = PBXBuildFile; fileRef = BED93B1B2C841EDB00DBDAAD /* sumar_conjunto_numeros.swift */; };
		BED93B1E2C8420A900DBDAAD /* intercambiar_cadenas.swift in Sources */ = {isa = PBXBuildFile; fileRef = BED93B1D2C8420A900DBDAAD /* intercambiar_cadenas.swift */; };
		BEE81D442BFD3231002A34AA /* aumento_precio.swift in Sources */ = {isa = PBXBuildFile; fileRef = BEE81D432BFD3231002A34AA /* aumento_precio.swift */; };
		BEE81D462BFD3979002A34AA /* area_rectangulo.swift in Sources */ = {isa = PBXBuildFile; fileRef = BEE81D452BFD3979002A34AA /* area_rectangulo.swift */; };
		BEE81D482BFD3F59002A34AA /* division_ganadora.swift in Sources */ = {isa = PBXBuildFile; fileRef = BEE81D472BFD3F59002A34AA /* division_ganadora.swift */; };
		BEECC2BD2C1B53F400CF29B8 /* seleccionar_menor_examen.swift in Sources */ = {isa = PBXBuildFile; fileRef = BEECC2BC2C1B53F400CF29B8 /* seleccionar_menor_examen.swift */; };
		BEECC2C02C1BE55900CF29B8 /* conjuntos.swift in Sources */ = {isa = PBXBuildFile; fileRef = BEECC2BF2C1BE55900CF29B8 /* conjuntos.swift */; };
		BEECC2C22C1BEA8B00CF29B8 /* operaciones_conjuntos.swift in Sources */ = {isa = PBXBuildFile; fileRef = BEECC2C12C1BEA8B00CF29B8 /* operaciones_conjuntos.swift */; };
		BEECC2C42C1BF09300CF29B8 /* subconjuntos.swift in Sources */ = {isa = PBXBuildFile; fileRef = BEECC2C32C1BF09300CF29B8 /* subconjuntos.swift */; };
		BEF5AAD32D0E8ED400A7258C /* funcion_como_tipo_de_dato.swift in Sources */ = {isa = PBXBuildFile; fileRef = BEF5AAD22D0E8EC600A7258C /* funcion_como_tipo_de_dato.swift */; };
		BEFB38D92C13410D00CAD5D0 /* comparacion_cadenas.swift in Sources */ = {isa = PBXBuildFile; fileRef = BEFB38D82C13410D00CAD5D0 /* comparacion_cadenas.swift */; };
		BEFB38DB2C1342D200CAD5D0 /* cadenas_prefijos_sufijos.swift in Sources */ = {isa = PBXBuildFile; fileRef = BEFB38DA2C1342D200CAD5D0 /* cadenas_prefijos_sufijos.swift */; };
		BEFB38DE2C13496600CAD5D0 /* creando_arreglos.swift in Sources */ = {isa = PBXBuildFile; fileRef = BEFB38DD2C13496600CAD5D0 /* creando_arreglos.swift */; };
		BEFF89B12C205BF500C444EC /* switch_ejemplos.swift in Sources */ = {isa = PBXBuildFile; fileRef = BEFF89B02C205BF500C444EC /* switch_ejemplos.swift */; };
		BEFF89B32C20637E00C444EC /* transferencia_de_control.swift in Sources */ = {isa = PBXBuildFile; fileRef = BEFF89B22C20637E00C444EC /* transferencia_de_control.swift */; };
		BEFF89B52C2065CA00C444EC /* sentencias_nominales.swift in Sources */ = {isa = PBXBuildFile; fileRef = BEFF89B42C2065CA00C444EC /* sentencias_nominales.swift */; };
		BEFF89B72C2069CD00C444EC /* validacion_con_guard.swift in Sources */ = {isa = PBXBuildFile; fileRef = BEFF89B62C2069CD00C444EC /* validacion_con_guard.swift */; };
/* End PBXBuildFile section */

/* Begin PBXCopyFilesBuildPhase section */
		BED25A362B1E8AF200133A14 /* CopyFiles */ = {
			isa = PBXCopyFilesBuildPhase;
			buildActionMask = 2147483647;
			dstPath = /usr/share/man/man1/;
			dstSubfolderSpec = 0;
			files = (
			);
			runOnlyForDeploymentPostprocessing = 1;
		};
/* End PBXCopyFilesBuildPhase section */

/* Begin PBXFileReference section */
		AE60E9557A19EC8AEA91958A /* Opcionales.swift */ = {isa = PBXFileReference; fileEncoding = 4; lastKnownFileType = sourcecode.swift; path = Opcionales.swift; sourceTree = "<group>"; };
		BE05A4C42C1D038E00131216 /* diccionarios.swift */ = {isa = PBXFileReference; lastKnownFileType = sourcecode.swift; path = diccionarios.swift; sourceTree = "<group>"; };
		BE05A4C62C1D304700131216 /* usando_stride_for.swift */ = {isa = PBXFileReference; lastKnownFileType = sourcecode.swift; path = usando_stride_for.swift; sourceTree = "<group>"; };
		BE1DA5B32C029D64003E0618 /* area_conduccion_mas_segura.swift */ = {isa = PBXFileReference; lastKnownFileType = sourcecode.swift; path = area_conduccion_mas_segura.swift; sourceTree = "<group>"; };
		BE1DA5B52C02A6B2003E0618 /* distancia_caida.swift */ = {isa = PBXFileReference; lastKnownFileType = sourcecode.swift; path = distancia_caida.swift; sourceTree = "<group>"; };
		BE1DA5B72C02AC39003E0618 /* cadenas_indices_subcadenas.swift */ = {isa = PBXFileReference; lastKnownFileType = sourcecode.swift; path = cadenas_indices_subcadenas.swift; sourceTree = "<group>"; };
		BE1DA5B92C02ADA5003E0618 /* calculadora_calorias.swift */ = {isa = PBXFileReference; lastKnownFileType = sourcecode.swift; path = calculadora_calorias.swift; sourceTree = "<group>"; };
		BE20E3722BC9673B00449B90 /* do_while_producto_pares.swift */ = {isa = PBXFileReference; lastKnownFileType = sourcecode.swift; path = do_while_producto_pares.swift; sourceTree = "<group>"; };
		BE2776F62B91652400C704C8 /* division_entre_cero.swift */ = {isa = PBXFileReference; lastKnownFileType = sourcecode.swift; path = division_entre_cero.swift; sourceTree = "<group>"; };
		BE2776F82B9167DE00C704C8 /* taquilla_cine.swift */ = {isa = PBXFileReference; lastKnownFileType = sourcecode.swift; path = taquilla_cine.swift; sourceTree = "<group>"; };
		BE378E2C2B956EF600EF170C /* bonificacion.swift */ = {isa = PBXFileReference; lastKnownFileType = sourcecode.swift; path = bonificacion.swift; sourceTree = "<group>"; };
		BE378E2E2B9570E300EF170C /* condicion_imprimir.swift */ = {isa = PBXFileReference; lastKnownFileType = sourcecode.swift; path = condicion_imprimir.swift; sourceTree = "<group>"; };
		BE378E302B9571AF00EF170C /* mensaje_felicitacion.swift */ = {isa = PBXFileReference; lastKnownFileType = sourcecode.swift; path = mensaje_felicitacion.swift; sourceTree = "<group>"; };
		BE378E322B95753200EF170C /* ManipulacionStrings.swift */ = {isa = PBXFileReference; lastKnownFileType = sourcecode.swift; path = ManipulacionStrings.swift; sourceTree = "<group>"; };
		BE3795932C69A32F003A4355 /* parametros_multiples.swift */ = {isa = PBXFileReference; lastKnownFileType = sourcecode.swift; path = parametros_multiples.swift; sourceTree = "<group>"; };
		BE3795952C69A490003A4355 /* multiples_valores_retorno.swift */ = {isa = PBXFileReference; lastKnownFileType = sourcecode.swift; path = multiples_valores_retorno.swift; sourceTree = "<group>"; };
		BE4D841D2B7F9B6C00B6504F /* HolaMundo.swift */ = {isa = PBXFileReference; lastKnownFileType = sourcecode.swift; path = HolaMundo.swift; sourceTree = "<group>"; };
		BE4D841F2B7F9BEF00B6504F /* PedirEdad.swift */ = {isa = PBXFileReference; lastKnownFileType = sourcecode.swift; path = PedirEdad.swift; sourceTree = "<group>"; };
		BE4D84212B7FA45A00B6504F /* TextoMultilinea.swift */ = {isa = PBXFileReference; lastKnownFileType = sourcecode.swift; path = TextoMultilinea.swift; sourceTree = "<group>"; };
		BE4D84232B7FA6C900B6504F /* TiposVariables.swift */ = {isa = PBXFileReference; lastKnownFileType = sourcecode.swift; path = TiposVariables.swift; sourceTree = "<group>"; };
		BE4D84262B7FAE6A00B6504F /* BasicoCadenas.swift */ = {isa = PBXFileReference; lastKnownFileType = sourcecode.swift; path = BasicoCadenas.swift; sourceTree = "<group>"; };
		BE5051CD2BD6A9E60051F56A /* PrecipitacionMedia.swift */ = {isa = PBXFileReference; lastKnownFileType = sourcecode.swift; path = PrecipitacionMedia.swift; sourceTree = "<group>"; };
		BE661F5D2C15B3D500F3724C /* lista_compras.swift */ = {isa = PBXFileReference; lastKnownFileType = sourcecode.swift; path = lista_compras.swift; sourceTree = "<group>"; };
		BE72D0602B7F0205005A01DF /* Suma2Numeros.swift */ = {isa = PBXFileReference; lastKnownFileType = sourcecode.swift; path = Suma2Numeros.swift; sourceTree = "<group>"; };
		BE72D0622B7F03B8005A01DF /* PrediccionVentas.swift */ = {isa = PBXFileReference; lastKnownFileType = sourcecode.swift; path = PrediccionVentas.swift; sourceTree = "<group>"; };
		BE72D0642B7F0610005A01DF /* ImpuestoVentas.swift */ = {isa = PBXFileReference; lastKnownFileType = sourcecode.swift; path = ImpuestoVentas.swift; sourceTree = "<group>"; };
		BE72D0662B7F095E005A01DF /* FacturaRestaurante.swift */ = {isa = PBXFileReference; lastKnownFileType = sourcecode.swift; path = FacturaRestaurante.swift; sourceTree = "<group>"; };
		BE7D065B2C0023110014F2EE /* sucesion_aritmetica_1.swift */ = {isa = PBXFileReference; lastKnownFileType = sourcecode.swift; path = sucesion_aritmetica_1.swift; sourceTree = "<group>"; };
		BE7D065D2C0026B70014F2EE /* sucesion_aritmetica_2.swift */ = {isa = PBXFileReference; lastKnownFileType = sourcecode.swift; path = sucesion_aritmetica_2.swift; sourceTree = "<group>"; };
		BE7D065F2C002E3C0014F2EE /* sucesion_aritmetica_3.swift */ = {isa = PBXFileReference; lastKnownFileType = sourcecode.swift; path = sucesion_aritmetica_3.swift; sourceTree = "<group>"; };
		BE7D06612C0030DB0014F2EE /* sucesion_aritmetica_4.swift */ = {isa = PBXFileReference; lastKnownFileType = sourcecode.swift; path = sucesion_aritmetica_4.swift; sourceTree = "<group>"; };
		BEB487242B96C46A002C5A2B /* division_entre_cero_v2.swift */ = {isa = PBXFileReference; lastKnownFileType = sourcecode.swift; path = division_entre_cero_v2.swift; sourceTree = "<group>"; };
		BEB487262B96C624002C5A2B /* angulo_recto.swift */ = {isa = PBXFileReference; lastKnownFileType = sourcecode.swift; path = angulo_recto.swift; sourceTree = "<group>"; };
		BEB487282B96C6FE002C5A2B /* temperatura.swift */ = {isa = PBXFileReference; lastKnownFileType = sourcecode.swift; path = temperatura.swift; sourceTree = "<group>"; };
		BEB4872A2B96C7DC002C5A2B /* velocidad.swift */ = {isa = PBXFileReference; lastKnownFileType = sourcecode.swift; path = velocidad.swift; sourceTree = "<group>"; };
		BEB4872D2B96CAC1002C5A2B /* busqueda_secuencial_1.swift */ = {isa = PBXFileReference; lastKnownFileType = sourcecode.swift; path = busqueda_secuencial_1.swift; sourceTree = "<group>"; };
		BEC1964B2B391C00007E6192 /* Multiplicacion.swift */ = {isa = PBXFileReference; lastKnownFileType = sourcecode.swift; path = Multiplicacion.swift; sourceTree = "<group>"; };
		BEC1964D2B391DD2007E6192 /* Sumando.swift */ = {isa = PBXFileReference; lastKnownFileType = sourcecode.swift; path = Sumando.swift; sourceTree = "<group>"; };
		BEC1964F2B39208F007E6192 /* ProcesandoClosures.swift */ = {isa = PBXFileReference; lastKnownFileType = sourcecode.swift; path = ProcesandoClosures.swift; sourceTree = "<group>"; };
		BEC5B0E02BD3E3EC005A7837 /* OcupacionHoteleraFor.swift */ = {isa = PBXFileReference; lastKnownFileType = sourcecode.swift; path = OcupacionHoteleraFor.swift; sourceTree = "<group>"; };
		BEC5B0E22BD3E954005A7837 /* TabuladorSalariosFor.swift */ = {isa = PBXFileReference; lastKnownFileType = sourcecode.swift; path = TabuladorSalariosFor.swift; sourceTree = "<group>"; };
		BEC853D22BA5DBDD00CEDAD1 /* ContarCaracteres.swift */ = {isa = PBXFileReference; lastKnownFileType = sourcecode.swift; path = ContarCaracteres.swift; sourceTree = "<group>"; };
		BED25A382B1E8AF200133A14 /* Learning Swift 2024 */ = {isa = PBXFileReference; explicitFileType = "compiled.mach-o.executable"; includeInIndex = 0; path = "Learning Swift 2024"; sourceTree = BUILT_PRODUCTS_DIR; };
		BED25A3B2B1E8AF200133A14 /* main.swift */ = {isa = PBXFileReference; lastKnownFileType = sourcecode.swift; path = main.swift; sourceTree = "<group>"; };
		BED25A432B1E8CA700133A14 /* Condiciones.swift */ = {isa = PBXFileReference; lastKnownFileType = sourcecode.swift; path = Condiciones.swift; sourceTree = "<group>"; };
		BED3FAEA2B22927F004A0478 /* ManejoErrores.swift */ = {isa = PBXFileReference; lastKnownFileType = sourcecode.swift; path = ManejoErrores.swift; sourceTree = "<group>"; };
		BED3FAED2B229C4B004A0478 /* AssertEdad.swift */ = {isa = PBXFileReference; lastKnownFileType = sourcecode.swift; path = AssertEdad.swift; sourceTree = "<group>"; };
		BED3FAEF2B22A0D7004A0478 /* LadronDelTesoro.swift */ = {isa = PBXFileReference; lastKnownFileType = sourcecode.swift; path = LadronDelTesoro.swift; sourceTree = "<group>"; };
		BED3FAF12B22A11A004A0478 /* LaExpulsion.swift */ = {isa = PBXFileReference; lastKnownFileType = sourcecode.swift; path = LaExpulsion.swift; sourceTree = "<group>"; };
		BED3FAF32B22A162004A0478 /* IncorporacionDePiratas.swift */ = {isa = PBXFileReference; lastKnownFileType = sourcecode.swift; path = IncorporacionDePiratas.swift; sourceTree = "<group>"; };
		BED3FAF52B22A194004A0478 /* LaContrasenia.swift */ = {isa = PBXFileReference; lastKnownFileType = sourcecode.swift; path = LaContrasenia.swift; sourceTree = "<group>"; };
		BED3FAF72B22A205004A0478 /* LaClaveDeLosCofres.swift */ = {isa = PBXFileReference; lastKnownFileType = sourcecode.swift; path = LaClaveDeLosCofres.swift; sourceTree = "<group>"; };
		BED3FAF92B22A22F004A0478 /* RacionamientoDelRon.swift */ = {isa = PBXFileReference; lastKnownFileType = sourcecode.swift; path = RacionamientoDelRon.swift; sourceTree = "<group>"; };
		BED3FAFB2B22A27B004A0478 /* InteligenciaPirata.swift */ = {isa = PBXFileReference; lastKnownFileType = sourcecode.swift; path = InteligenciaPirata.swift; sourceTree = "<group>"; };
		BED93B152C8417A400DBDAAD /* calcular_area_rectangulo.swift */ = {isa = PBXFileReference; lastKnownFileType = sourcecode.swift; path = calcular_area_rectangulo.swift; sourceTree = "<group>"; };
		BED93B172C8419D400DBDAAD /* descripcion_libro.swift */ = {isa = PBXFileReference; lastKnownFileType = sourcecode.swift; path = descripcion_libro.swift; sourceTree = "<group>"; };
		BED93B192C841BA900DBDAAD /* precio_final.swift */ = {isa = PBXFileReference; lastKnownFileType = sourcecode.swift; path = precio_final.swift; sourceTree = "<group>"; };
		BED93B1B2C841EDB00DBDAAD /* sumar_conjunto_numeros.swift */ = {isa = PBXFileReference; lastKnownFileType = sourcecode.swift; path = sumar_conjunto_numeros.swift; sourceTree = "<group>"; };
		BED93B1D2C8420A900DBDAAD /* intercambiar_cadenas.swift */ = {isa = PBXFileReference; lastKnownFileType = sourcecode.swift; path = intercambiar_cadenas.swift; sourceTree = "<group>"; };
		BEE81D432BFD3231002A34AA /* aumento_precio.swift */ = {isa = PBXFileReference; lastKnownFileType = sourcecode.swift; path = aumento_precio.swift; sourceTree = "<group>"; };
		BEE81D452BFD3979002A34AA /* area_rectangulo.swift */ = {isa = PBXFileReference; lastKnownFileType = sourcecode.swift; path = area_rectangulo.swift; sourceTree = "<group>"; };
		BEE81D472BFD3F59002A34AA /* division_ganadora.swift */ = {isa = PBXFileReference; lastKnownFileType = sourcecode.swift; path = division_ganadora.swift; sourceTree = "<group>"; };
		BEECC2BC2C1B53F400CF29B8 /* seleccionar_menor_examen.swift */ = {isa = PBXFileReference; lastKnownFileType = sourcecode.swift; path = seleccionar_menor_examen.swift; sourceTree = "<group>"; };
		BEECC2BF2C1BE55900CF29B8 /* conjuntos.swift */ = {isa = PBXFileReference; lastKnownFileType = sourcecode.swift; path = conjuntos.swift; sourceTree = "<group>"; };
		BEECC2C12C1BEA8B00CF29B8 /* operaciones_conjuntos.swift */ = {isa = PBXFileReference; lastKnownFileType = sourcecode.swift; path = operaciones_conjuntos.swift; sourceTree = "<group>"; };
		BEECC2C32C1BF09300CF29B8 /* subconjuntos.swift */ = {isa = PBXFileReference; lastKnownFileType = sourcecode.swift; path = subconjuntos.swift; sourceTree = "<group>"; };
		BEF5AAD22D0E8EC600A7258C /* funcion_como_tipo_de_dato.swift */ = {isa = PBXFileReference; lastKnownFileType = sourcecode.swift; path = funcion_como_tipo_de_dato.swift; sourceTree = "<group>"; };
		BEFB38D82C13410D00CAD5D0 /* comparacion_cadenas.swift */ = {isa = PBXFileReference; lastKnownFileType = sourcecode.swift; path = comparacion_cadenas.swift; sourceTree = "<group>"; };
		BEFB38DA2C1342D200CAD5D0 /* cadenas_prefijos_sufijos.swift */ = {isa = PBXFileReference; lastKnownFileType = sourcecode.swift; path = cadenas_prefijos_sufijos.swift; sourceTree = "<group>"; };
		BEFB38DD2C13496600CAD5D0 /* creando_arreglos.swift */ = {isa = PBXFileReference; lastKnownFileType = sourcecode.swift; path = creando_arreglos.swift; sourceTree = "<group>"; };
		BEFF89B02C205BF500C444EC /* switch_ejemplos.swift */ = {isa = PBXFileReference; lastKnownFileType = sourcecode.swift; path = switch_ejemplos.swift; sourceTree = "<group>"; };
		BEFF89B22C20637E00C444EC /* transferencia_de_control.swift */ = {isa = PBXFileReference; lastKnownFileType = sourcecode.swift; path = transferencia_de_control.swift; sourceTree = "<group>"; };
		BEFF89B42C2065CA00C444EC /* sentencias_nominales.swift */ = {isa = PBXFileReference; lastKnownFileType = sourcecode.swift; path = sentencias_nominales.swift; sourceTree = "<group>"; };
		BEFF89B62C2069CD00C444EC /* validacion_con_guard.swift */ = {isa = PBXFileReference; lastKnownFileType = sourcecode.swift; path = validacion_con_guard.swift; sourceTree = "<group>"; };
/* End PBXFileReference section */

/* Begin PBXFrameworksBuildPhase section */
		BED25A352B1E8AF200133A14 /* Frameworks */ = {
			isa = PBXFrameworksBuildPhase;
			buildActionMask = 2147483647;
			files = (
			);
			runOnlyForDeploymentPostprocessing = 0;
		};
/* End PBXFrameworksBuildPhase section */

/* Begin PBXGroup section */
		BE20E3712BC9671400449B90 /* 03_ciclos */ = {
			isa = PBXGroup;
			children = (
				BE20E3722BC9673B00449B90 /* do_while_producto_pares.swift */,
				BEC5B0E02BD3E3EC005A7837 /* OcupacionHoteleraFor.swift */,
				BEC5B0E22BD3E954005A7837 /* TabuladorSalariosFor.swift */,
				BE5051CD2BD6A9E60051F56A /* PrecipitacionMedia.swift */,
				BE7D065B2C0023110014F2EE /* sucesion_aritmetica_1.swift */,
				BE7D065D2C0026B70014F2EE /* sucesion_aritmetica_2.swift */,
				BE7D065F2C002E3C0014F2EE /* sucesion_aritmetica_3.swift */,
				BE7D06612C0030DB0014F2EE /* sucesion_aritmetica_4.swift */,
				BEECC2BC2C1B53F400CF29B8 /* seleccionar_menor_examen.swift */,
				BE05A4C62C1D304700131216 /* usando_stride_for.swift */,
				BEFF89B22C20637E00C444EC /* transferencia_de_control.swift */,
				BEFF89B42C2065CA00C444EC /* sentencias_nominales.swift */,
			);
			path = 03_ciclos;
			sourceTree = "<group>";
		};
		BE2776F52B91650100C704C8 /* 02_condiciones */ = {
			isa = PBXGroup;
			children = (
				BE2776F62B91652400C704C8 /* division_entre_cero.swift */,
				BE378E2C2B956EF600EF170C /* bonificacion.swift */,
				BE378E2E2B9570E300EF170C /* condicion_imprimir.swift */,
				BE378E302B9571AF00EF170C /* mensaje_felicitacion.swift */,
				BEB487242B96C46A002C5A2B /* division_entre_cero_v2.swift */,
				BEB487262B96C624002C5A2B /* angulo_recto.swift */,
				BEB487282B96C6FE002C5A2B /* temperatura.swift */,
				BEB4872A2B96C7DC002C5A2B /* velocidad.swift */,
				BEFF89B02C205BF500C444EC /* switch_ejemplos.swift */,
				BEFF89B62C2069CD00C444EC /* validacion_con_guard.swift */,
			);
			path = 02_condiciones;
			sourceTree = "<group>";
		};
		BE4D84252B7FAE5300B6504F /* 09_cadenas */ = {
			isa = PBXGroup;
			children = (
				BE4D84262B7FAE6A00B6504F /* BasicoCadenas.swift */,
				BE378E322B95753200EF170C /* ManipulacionStrings.swift */,
				BEC853D22BA5DBDD00CEDAD1 /* ContarCaracteres.swift */,
				BE1DA5B72C02AC39003E0618 /* cadenas_indices_subcadenas.swift */,
				BEFB38D82C13410D00CAD5D0 /* comparacion_cadenas.swift */,
				BEFB38DA2C1342D200CAD5D0 /* cadenas_prefijos_sufijos.swift */,
			);
			path = 09_cadenas;
			sourceTree = "<group>";
		};
		BEB4872C2B96CA97002C5A2B /* 12_busqueda_secuencial */ = {
			isa = PBXGroup;
			children = (
				BEB4872D2B96CAC1002C5A2B /* busqueda_secuencial_1.swift */,
			);
			path = 12_busqueda_secuencial;
			sourceTree = "<group>";
		};
		BEC1964A2B391BE4007E6192 /* 11_closures */ = {
			isa = PBXGroup;
			children = (
				BEC1964B2B391C00007E6192 /* Multiplicacion.swift */,
				BEC1964D2B391DD2007E6192 /* Sumando.swift */,
				BEC1964F2B39208F007E6192 /* ProcesandoClosures.swift */,
			);
			path = 11_closures;
			sourceTree = "<group>";
		};
		BED25A2F2B1E8AF200133A14 = {
			isa = PBXGroup;
			children = (
				BED25A3A2B1E8AF200133A14 /* Learning Swift 2024 */,
				BED25A392B1E8AF200133A14 /* Products */,
			);
			sourceTree = "<group>";
		};
		BED25A392B1E8AF200133A14 /* Products */ = {
			isa = PBXGroup;
			children = (
				BED25A382B1E8AF200133A14 /* Learning Swift 2024 */,
			);
			name = Products;
			sourceTree = "<group>";
		};
		BED25A3A2B1E8AF200133A14 /* Learning Swift 2024 */ = {
			isa = PBXGroup;
			children = (
				BED25A422B1E8C8900133A14 /* 01_fundamentos */,
				BE2776F52B91650100C704C8 /* 02_condiciones */,
				BE20E3712BC9671400449B90 /* 03_ciclos */,
				BEE81D422BFD31D6002A34AA /* 04_funciones */,
				BEFB38DC2C13494700CAD5D0 /* 05_arreglos */,
				BEECC2BE2C1BE54000CF29B8 /* 06_colecciones */,
				BE4D84252B7FAE5300B6504F /* 09_cadenas */,
				BED3FAEC2B229A04004A0478 /* 10_manejo_de_errores */,
				BEC1964A2B391BE4007E6192 /* 11_closures */,
				BEB4872C2B96CA97002C5A2B /* 12_busqueda_secuencial */,
				BED25A3B2B1E8AF200133A14 /* main.swift */,
			);
			path = "Learning Swift 2024";
			sourceTree = "<group>";
		};
		BED25A422B1E8C8900133A14 /* 01_fundamentos */ = {
			isa = PBXGroup;
			children = (
				BED25A432B1E8CA700133A14 /* Condiciones.swift */,
				AE60E9557A19EC8AEA91958A /* Opcionales.swift */,
				BED3FAEF2B22A0D7004A0478 /* LadronDelTesoro.swift */,
				BED3FAF12B22A11A004A0478 /* LaExpulsion.swift */,
				BED3FAF32B22A162004A0478 /* IncorporacionDePiratas.swift */,
				BED3FAF52B22A194004A0478 /* LaContrasenia.swift */,
				BED3FAF72B22A205004A0478 /* LaClaveDeLosCofres.swift */,
				BED3FAF92B22A22F004A0478 /* RacionamientoDelRon.swift */,
				BED3FAFB2B22A27B004A0478 /* InteligenciaPirata.swift */,
				BE72D0602B7F0205005A01DF /* Suma2Numeros.swift */,
				BE72D0622B7F03B8005A01DF /* PrediccionVentas.swift */,
				BE72D0642B7F0610005A01DF /* ImpuestoVentas.swift */,
				BE72D0662B7F095E005A01DF /* FacturaRestaurante.swift */,
				BE4D841D2B7F9B6C00B6504F /* HolaMundo.swift */,
				BE4D841F2B7F9BEF00B6504F /* PedirEdad.swift */,
				BE4D84212B7FA45A00B6504F /* TextoMultilinea.swift */,
				BE4D84232B7FA6C900B6504F /* TiposVariables.swift */,
				BE2776F82B9167DE00C704C8 /* taquilla_cine.swift */,
			);
			path = 01_fundamentos;
			sourceTree = "<group>";
		};
		BED3FAEC2B229A04004A0478 /* 10_manejo_de_errores */ = {
			isa = PBXGroup;
			children = (
				BED3FAEA2B22927F004A0478 /* ManejoErrores.swift */,
				BED3FAED2B229C4B004A0478 /* AssertEdad.swift */,
			);
			path = 10_manejo_de_errores;
			sourceTree = "<group>";
		};
		BEE81D422BFD31D6002A34AA /* 04_funciones */ = {
			isa = PBXGroup;
			children = (
				BEF5AAD22D0E8EC600A7258C /* funcion_como_tipo_de_dato.swift */,
				BEE81D432BFD3231002A34AA /* aumento_precio.swift */,
				BEE81D452BFD3979002A34AA /* area_rectangulo.swift */,
				BEE81D472BFD3F59002A34AA /* division_ganadora.swift */,
				BE1DA5B32C029D64003E0618 /* area_conduccion_mas_segura.swift */,
				BE1DA5B52C02A6B2003E0618 /* distancia_caida.swift */,
				BE1DA5B92C02ADA5003E0618 /* calculadora_calorias.swift */,
				BE3795932C69A32F003A4355 /* parametros_multiples.swift */,
				BE3795952C69A490003A4355 /* multiples_valores_retorno.swift */,
				BED93B152C8417A400DBDAAD /* calcular_area_rectangulo.swift */,
				BED93B172C8419D400DBDAAD /* descripcion_libro.swift */,
				BED93B192C841BA900DBDAAD /* precio_final.swift */,
				BED93B1B2C841EDB00DBDAAD /* sumar_conjunto_numeros.swift */,
				BED93B1D2C8420A900DBDAAD /* intercambiar_cadenas.swift */,
			);
			path = 04_funciones;
			sourceTree = "<group>";
		};
		BEECC2BE2C1BE54000CF29B8 /* 06_colecciones */ = {
			isa = PBXGroup;
			children = (
				BEECC2BF2C1BE55900CF29B8 /* conjuntos.swift */,
				BEECC2C12C1BEA8B00CF29B8 /* operaciones_conjuntos.swift */,
				BEECC2C32C1BF09300CF29B8 /* subconjuntos.swift */,
				BE05A4C42C1D038E00131216 /* diccionarios.swift */,
			);
			path = 06_colecciones;
			sourceTree = "<group>";
		};
		BEFB38DC2C13494700CAD5D0 /* 05_arreglos */ = {
			isa = PBXGroup;
			children = (
				BEFB38DD2C13496600CAD5D0 /* creando_arreglos.swift */,
				BE661F5D2C15B3D500F3724C /* lista_compras.swift */,
			);
			path = 05_arreglos;
			sourceTree = "<group>";
		};
/* End PBXGroup section */

/* Begin PBXNativeTarget section */
		BED25A372B1E8AF200133A14 /* Learning Swift 2024 */ = {
			isa = PBXNativeTarget;
			buildConfigurationList = BED25A3F2B1E8AF200133A14 /* Build configuration list for PBXNativeTarget "Learning Swift 2024" */;
			buildPhases = (
				BED25A342B1E8AF200133A14 /* Sources */,
				BED25A352B1E8AF200133A14 /* Frameworks */,
				BED25A362B1E8AF200133A14 /* CopyFiles */,
			);
			buildRules = (
			);
			dependencies = (
			);
			name = "Learning Swift 2024";
			productName = "Learning Swift 2024";
			productReference = BED25A382B1E8AF200133A14 /* Learning Swift 2024 */;
			productType = "com.apple.product-type.tool";
		};
/* End PBXNativeTarget section */

/* Begin PBXProject section */
		BED25A302B1E8AF200133A14 /* Project object */ = {
			isa = PBXProject;
			attributes = {
				BuildIndependentTargetsInParallel = 1;
				LastSwiftUpdateCheck = 1500;
				LastUpgradeCheck = 1500;
				TargetAttributes = {
					BED25A372B1E8AF200133A14 = {
						CreatedOnToolsVersion = 15.0.1;
					};
				};
			};
			buildConfigurationList = BED25A332B1E8AF200133A14 /* Build configuration list for PBXProject "Learning Swift 2024" */;
			compatibilityVersion = "Xcode 14.0";
			developmentRegion = en;
			hasScannedForEncodings = 0;
			knownRegions = (
				en,
				Base,
			);
			mainGroup = BED25A2F2B1E8AF200133A14;
			productRefGroup = BED25A392B1E8AF200133A14 /* Products */;
			projectDirPath = "";
			projectRoot = "";
			targets = (
				BED25A372B1E8AF200133A14 /* Learning Swift 2024 */,
			);
		};
/* End PBXProject section */

/* Begin PBXSourcesBuildPhase section */
		BED25A342B1E8AF200133A14 /* Sources */ = {
			isa = PBXSourcesBuildPhase;
			buildActionMask = 2147483647;
			files = (
				BEB487292B96C6FE002C5A2B /* temperatura.swift in Sources */,
				BED3FAF62B22A194004A0478 /* LaContrasenia.swift in Sources */,
				BE378E2F2B9570E300EF170C /* condicion_imprimir.swift in Sources */,
				BE4D841E2B7F9B6C00B6504F /* HolaMundo.swift in Sources */,
				BEFF89B72C2069CD00C444EC /* validacion_con_guard.swift in Sources */,
				BE7D065E2C0026B70014F2EE /* sucesion_aritmetica_2.swift in Sources */,
				BED25A442B1E8CA700133A14 /* Condiciones.swift in Sources */,
				BEC853D32BA5DBDE00CEDAD1 /* ContarCaracteres.swift in Sources */,
				BEFF89B52C2065CA00C444EC /* sentencias_nominales.swift in Sources */,
				BED93B182C8419D400DBDAAD /* descripcion_libro.swift in Sources */,
				BE72D0672B7F095E005A01DF /* FacturaRestaurante.swift in Sources */,
				BE378E312B9571AF00EF170C /* mensaje_felicitacion.swift in Sources */,
				BEFB38DE2C13496600CAD5D0 /* creando_arreglos.swift in Sources */,
				BED25A3C2B1E8AF200133A14 /* main.swift in Sources */,
				BEC1964E2B391DD2007E6192 /* Sumando.swift in Sources */,
				BE72D0632B7F03B8005A01DF /* PrediccionVentas.swift in Sources */,
				BEE81D462BFD3979002A34AA /* area_rectangulo.swift in Sources */,
				BEECC2C42C1BF09300CF29B8 /* subconjuntos.swift in Sources */,
				BEE81D442BFD3231002A34AA /* aumento_precio.swift in Sources */,
				BEC1964C2B391C00007E6192 /* Multiplicacion.swift in Sources */,
				BE378E2D2B956EF600EF170C /* bonificacion.swift in Sources */,
				BE1DA5BA2C02ADA5003E0618 /* calculadora_calorias.swift in Sources */,
				BEF5AAD32D0E8ED400A7258C /* funcion_como_tipo_de_dato.swift in Sources */,
				BED3FAF42B22A162004A0478 /* IncorporacionDePiratas.swift in Sources */,
				BED3FAFC2B22A27B004A0478 /* InteligenciaPirata.swift in Sources */,
				BED3FAF82B22A205004A0478 /* LaClaveDeLosCofres.swift in Sources */,
				BE1DA5B42C029D64003E0618 /* area_conduccion_mas_segura.swift in Sources */,
				BEC5B0E12BD3E3EC005A7837 /* OcupacionHoteleraFor.swift in Sources */,
				BED3FAEB2B22927F004A0478 /* ManejoErrores.swift in Sources */,
				BEB487272B96C624002C5A2B /* angulo_recto.swift in Sources */,
				BE7D065C2C0023110014F2EE /* sucesion_aritmetica_1.swift in Sources */,
				BED3FAF22B22A11A004A0478 /* LaExpulsion.swift in Sources */,
				BE05A4C52C1D038E00131216 /* diccionarios.swift in Sources */,
				BEE81D482BFD3F59002A34AA /* division_ganadora.swift in Sources */,
				BED3FAEE2B229C4B004A0478 /* AssertEdad.swift in Sources */,
				BE2776F72B91652400C704C8 /* division_entre_cero.swift in Sources */,
				BEFF89B12C205BF500C444EC /* switch_ejemplos.swift in Sources */,
				BEC196502B39208F007E6192 /* ProcesandoClosures.swift in Sources */,
				BEFB38D92C13410D00CAD5D0 /* comparacion_cadenas.swift in Sources */,
				BEB4872B2B96C7DC002C5A2B /* velocidad.swift in Sources */,
				AE60E32BFA131C3AE9BBB120 /* Opcionales.swift in Sources */,
				BE4D84242B7FA6C900B6504F /* TiposVariables.swift in Sources */,
				BE20E3732BC9673B00449B90 /* do_while_producto_pares.swift in Sources */,
				BE05A4C72C1D304700131216 /* usando_stride_for.swift in Sources */,
				BEFB38DB2C1342D200CAD5D0 /* cadenas_prefijos_sufijos.swift in Sources */,
				BED93B1E2C8420A900DBDAAD /* intercambiar_cadenas.swift in Sources */,
				BE4D84222B7FA45A00B6504F /* TextoMultilinea.swift in Sources */,
				BEB487252B96C46A002C5A2B /* division_entre_cero_v2.swift in Sources */,
				BE378E332B95753200EF170C /* ManipulacionStrings.swift in Sources */,
				BE3795962C69A490003A4355 /* multiples_valores_retorno.swift in Sources */,
				BE1DA5B62C02A6B2003E0618 /* distancia_caida.swift in Sources */,
				BE7D06622C0030DB0014F2EE /* sucesion_aritmetica_4.swift in Sources */,
				BE72D0652B7F0610005A01DF /* ImpuestoVentas.swift in Sources */,
				BE7D06602C002E3C0014F2EE /* sucesion_aritmetica_3.swift in Sources */,
				BEC5B0E32BD3E954005A7837 /* TabuladorSalariosFor.swift in Sources */,
				BED3FAF02B22A0D7004A0478 /* LadronDelTesoro.swift in Sources */,
				BE4D84202B7F9BEF00B6504F /* PedirEdad.swift in Sources */,
				BEFF89B32C20637E00C444EC /* transferencia_de_control.swift in Sources */,
				BE72D0612B7F0205005A01DF /* Suma2Numeros.swift in Sources */,
				BEECC2BD2C1B53F400CF29B8 /* seleccionar_menor_examen.swift in Sources */,
				BE2776F92B9167DE00C704C8 /* taquilla_cine.swift in Sources */,
				BE661F5E2C15B3D500F3724C /* lista_compras.swift in Sources */,
				BEECC2C02C1BE55900CF29B8 /* conjuntos.swift in Sources */,
				BED93B1C2C841EDB00DBDAAD /* sumar_conjunto_numeros.swift in Sources */,
				BE3795942C69A32F003A4355 /* parametros_multiples.swift in Sources */,
				BE1DA5B82C02AC39003E0618 /* cadenas_indices_subcadenas.swift in Sources */,
				BEB4872E2B96CAC1002C5A2B /* busqueda_secuencial_1.swift in Sources */,
				BED93B162C8417A400DBDAAD /* calcular_area_rectangulo.swift in Sources */,
				BEECC2C22C1BEA8B00CF29B8 /* operaciones_conjuntos.swift in Sources */,
				BED93B1A2C841BA900DBDAAD /* precio_final.swift in Sources */,
				BE4D84272B7FAE6A00B6504F /* BasicoCadenas.swift in Sources */,
				BED3FAFA2B22A22F004A0478 /* RacionamientoDelRon.swift in Sources */,
				BE5051CE2BD6A9E60051F56A /* PrecipitacionMedia.swift in Sources */,
			);
			runOnlyForDeploymentPostprocessing = 0;
		};
/* End PBXSourcesBuildPhase section */

/* Begin XCBuildConfiguration section */
		BED25A3D2B1E8AF200133A14 /* Debug */ = {
			isa = XCBuildConfiguration;
			buildSettings = {
				ALWAYS_SEARCH_USER_PATHS = NO;
				ASSETCATALOG_COMPILER_GENERATE_SWIFT_ASSET_SYMBOL_EXTENSIONS = YES;
				CLANG_ANALYZER_NONNULL = YES;
				CLANG_ANALYZER_NUMBER_OBJECT_CONVERSION = YES_AGGRESSIVE;
				CLANG_CXX_LANGUAGE_STANDARD = "gnu++20";
				CLANG_ENABLE_MODULES = YES;
				CLANG_ENABLE_OBJC_ARC = YES;
				CLANG_ENABLE_OBJC_WEAK = YES;
				CLANG_WARN_BLOCK_CAPTURE_AUTORELEASING = YES;
				CLANG_WARN_BOOL_CONVERSION = YES;
				CLANG_WARN_COMMA = YES;
				CLANG_WARN_CONSTANT_CONVERSION = YES;
				CLANG_WARN_DEPRECATED_OBJC_IMPLEMENTATIONS = YES;
				CLANG_WARN_DIRECT_OBJC_ISA_USAGE = YES_ERROR;
				CLANG_WARN_DOCUMENTATION_COMMENTS = YES;
				CLANG_WARN_EMPTY_BODY = YES;
				CLANG_WARN_ENUM_CONVERSION = YES;
				CLANG_WARN_INFINITE_RECURSION = YES;
				CLANG_WARN_INT_CONVERSION = YES;
				CLANG_WARN_NON_LITERAL_NULL_CONVERSION = YES;
				CLANG_WARN_OBJC_IMPLICIT_RETAIN_SELF = YES;
				CLANG_WARN_OBJC_LITERAL_CONVERSION = YES;
				CLANG_WARN_OBJC_ROOT_CLASS = YES_ERROR;
				CLANG_WARN_QUOTED_INCLUDE_IN_FRAMEWORK_HEADER = YES;
				CLANG_WARN_RANGE_LOOP_ANALYSIS = YES;
				CLANG_WARN_STRICT_PROTOTYPES = YES;
				CLANG_WARN_SUSPICIOUS_MOVE = YES;
				CLANG_WARN_UNGUARDED_AVAILABILITY = YES_AGGRESSIVE;
				CLANG_WARN_UNREACHABLE_CODE = YES;
				CLANG_WARN__DUPLICATE_METHOD_MATCH = YES;
				COPY_PHASE_STRIP = NO;
				DEAD_CODE_STRIPPING = YES;
				DEBUG_INFORMATION_FORMAT = dwarf;
				ENABLE_STRICT_OBJC_MSGSEND = YES;
				ENABLE_TESTABILITY = YES;
				ENABLE_USER_SCRIPT_SANDBOXING = YES;
				GCC_C_LANGUAGE_STANDARD = gnu17;
				GCC_DYNAMIC_NO_PIC = NO;
				GCC_NO_COMMON_BLOCKS = YES;
				GCC_OPTIMIZATION_LEVEL = 0;
				GCC_PREPROCESSOR_DEFINITIONS = (
					"DEBUG=1",
					"$(inherited)",
				);
				GCC_WARN_64_TO_32_BIT_CONVERSION = YES;
				GCC_WARN_ABOUT_RETURN_TYPE = YES_ERROR;
				GCC_WARN_UNDECLARED_SELECTOR = YES;
				GCC_WARN_UNINITIALIZED_AUTOS = YES_AGGRESSIVE;
				GCC_WARN_UNUSED_FUNCTION = YES;
				GCC_WARN_UNUSED_VARIABLE = YES;
				LOCALIZATION_PREFERS_STRING_CATALOGS = YES;
				MACOSX_DEPLOYMENT_TARGET = 14.0;
				MTL_ENABLE_DEBUG_INFO = INCLUDE_SOURCE;
				MTL_FAST_MATH = YES;
				ONLY_ACTIVE_ARCH = YES;
				SDKROOT = macosx;
				SWIFT_ACTIVE_COMPILATION_CONDITIONS = "DEBUG $(inherited)";
				SWIFT_OPTIMIZATION_LEVEL = "-Onone";
			};
			name = Debug;
		};
		BED25A3E2B1E8AF200133A14 /* Release */ = {
			isa = XCBuildConfiguration;
			buildSettings = {
				ALWAYS_SEARCH_USER_PATHS = NO;
				ASSETCATALOG_COMPILER_GENERATE_SWIFT_ASSET_SYMBOL_EXTENSIONS = YES;
				CLANG_ANALYZER_NONNULL = YES;
				CLANG_ANALYZER_NUMBER_OBJECT_CONVERSION = YES_AGGRESSIVE;
				CLANG_CXX_LANGUAGE_STANDARD = "gnu++20";
				CLANG_ENABLE_MODULES = YES;
				CLANG_ENABLE_OBJC_ARC = YES;
				CLANG_ENABLE_OBJC_WEAK = YES;
				CLANG_WARN_BLOCK_CAPTURE_AUTORELEASING = YES;
				CLANG_WARN_BOOL_CONVERSION = YES;
				CLANG_WARN_COMMA = YES;
				CLANG_WARN_CONSTANT_CONVERSION = YES;
				CLANG_WARN_DEPRECATED_OBJC_IMPLEMENTATIONS = YES;
				CLANG_WARN_DIRECT_OBJC_ISA_USAGE = YES_ERROR;
				CLANG_WARN_DOCUMENTATION_COMMENTS = YES;
				CLANG_WARN_EMPTY_BODY = YES;
				CLANG_WARN_ENUM_CONVERSION = YES;
				CLANG_WARN_INFINITE_RECURSION = YES;
				CLANG_WARN_INT_CONVERSION = YES;
				CLANG_WARN_NON_LITERAL_NULL_CONVERSION = YES;
				CLANG_WARN_OBJC_IMPLICIT_RETAIN_SELF = YES;
				CLANG_WARN_OBJC_LITERAL_CONVERSION = YES;
				CLANG_WARN_OBJC_ROOT_CLASS = YES_ERROR;
				CLANG_WARN_QUOTED_INCLUDE_IN_FRAMEWORK_HEADER = YES;
				CLANG_WARN_RANGE_LOOP_ANALYSIS = YES;
				CLANG_WARN_STRICT_PROTOTYPES = YES;
				CLANG_WARN_SUSPICIOUS_MOVE = YES;
				CLANG_WARN_UNGUARDED_AVAILABILITY = YES_AGGRESSIVE;
				CLANG_WARN_UNREACHABLE_CODE = YES;
				CLANG_WARN__DUPLICATE_METHOD_MATCH = YES;
				COPY_PHASE_STRIP = NO;
				DEAD_CODE_STRIPPING = YES;
				DEBUG_INFORMATION_FORMAT = "dwarf-with-dsym";
				ENABLE_NS_ASSERTIONS = NO;
				ENABLE_STRICT_OBJC_MSGSEND = YES;
				ENABLE_USER_SCRIPT_SANDBOXING = YES;
				GCC_C_LANGUAGE_STANDARD = gnu17;
				GCC_NO_COMMON_BLOCKS = YES;
				GCC_WARN_64_TO_32_BIT_CONVERSION = YES;
				GCC_WARN_ABOUT_RETURN_TYPE = YES_ERROR;
				GCC_WARN_UNDECLARED_SELECTOR = YES;
				GCC_WARN_UNINITIALIZED_AUTOS = YES_AGGRESSIVE;
				GCC_WARN_UNUSED_FUNCTION = YES;
				GCC_WARN_UNUSED_VARIABLE = YES;
				LOCALIZATION_PREFERS_STRING_CATALOGS = YES;
				MACOSX_DEPLOYMENT_TARGET = 14.0;
				MTL_ENABLE_DEBUG_INFO = NO;
				MTL_FAST_MATH = YES;
				SDKROOT = macosx;
				SWIFT_COMPILATION_MODE = wholemodule;
			};
			name = Release;
		};
		BED25A402B1E8AF200133A14 /* Debug */ = {
			isa = XCBuildConfiguration;
			buildSettings = {
				CODE_SIGN_STYLE = Automatic;
				DEAD_CODE_STRIPPING = YES;
				DEVELOPMENT_TEAM = B2WJKSXMKJ;
				ENABLE_HARDENED_RUNTIME = YES;
				PRODUCT_NAME = "$(TARGET_NAME)";
				SWIFT_VERSION = 5.0;
			};
			name = Debug;
		};
		BED25A412B1E8AF200133A14 /* Release */ = {
			isa = XCBuildConfiguration;
			buildSettings = {
				CODE_SIGN_STYLE = Automatic;
				DEAD_CODE_STRIPPING = YES;
				DEVELOPMENT_TEAM = B2WJKSXMKJ;
				ENABLE_HARDENED_RUNTIME = YES;
				PRODUCT_NAME = "$(TARGET_NAME)";
				SWIFT_VERSION = 5.0;
			};
			name = Release;
		};
/* End XCBuildConfiguration section */

/* Begin XCConfigurationList section */
		BED25A332B1E8AF200133A14 /* Build configuration list for PBXProject "Learning Swift 2024" */ = {
			isa = XCConfigurationList;
			buildConfigurations = (
				BED25A3D2B1E8AF200133A14 /* Debug */,
				BED25A3E2B1E8AF200133A14 /* Release */,
			);
			defaultConfigurationIsVisible = 0;
			defaultConfigurationName = Release;
		};
		BED25A3F2B1E8AF200133A14 /* Build configuration list for PBXNativeTarget "Learning Swift 2024" */ = {
			isa = XCConfigurationList;
			buildConfigurations = (
				BED25A402B1E8AF200133A14 /* Debug */,
				BED25A412B1E8AF200133A14 /* Release */,
			);
			defaultConfigurationIsVisible = 0;
			defaultConfigurationName = Release;
		};
/* End XCConfigurationList section */
	};
	rootObject = BED25A302B1E8AF200133A14 /* Project object */;
}
